
Microsoft Visual Studio Solution File, Format Version 12.00
# Visual Studio Version 16
VisualStudioVersion = 16.0.31129.286
MinimumVisualStudioVersion = 10.0.40219.1
Project("{FAE04EC0-301F-11D3-BF4B-00C04F79EFBC}") = "CrossingLines", "CrossingLines\CrossingLines.csproj", "{5F85D68F-CCE4-40AB-ADB9-CF4F7934D341}"
EndProject
Global
	GlobalSection(SolutionConfigurationPlatforms) = preSolution
		Debug|Any CPU = Debug|Any CPU
		Release|Any CPU = Release|Any CPU
	EndGlobalSection
	GlobalSection(ProjectConfigurationPlatforms) = postSolution
		{5F85D68F-CCE4-40AB-ADB9-CF4F7934D341}.Debug|Any CPU.ActiveCfg = Debug|Any CPU
		{5F85D68F-CCE4-40AB-ADB9-CF4F7934D341}.Debug|Any CPU.Build.0 = Debug|Any CPU
		{5F85D68F-CCE4-40AB-ADB9-CF4F7934D341}.Release|Any CPU.ActiveCfg = Release|Any CPU
		{5F85D68F-CCE4-40AB-ADB9-CF4F7934D341}.Release|Any CPU.Build.0 = Release|Any CPU
	EndGlobalSection
	GlobalSection(SolutionProperties) = preSolution
		HideSolutionNode = FALSE
	EndGlobalSection
	GlobalSection(ExtensibilityGlobals) = postSolution
		SolutionGuid = {97CEAA46-231A-4FBD-8BCE-AE9C0FCCA405}
	EndGlobalSection
EndGlobal
